
Microsoft Visual Studio Solution File, Format Version 11.00
# Visual Studio 2010
Project("{8BC9CEB8-8B4A-11D0-8D11-00A0C91BC942}") = "UnitTests", "UnitTests.vcxproj", "{2C497671-E79D-4F43-AA27-623F859B492F}"
EndProject
Global
	GlobalSection(SolutionConfigurationPlatforms) = preSolution
		Debug|Win32 = Debug|Win32
		Debug|x64 = Debug|x64
		OptDisabledAlign1|Win32 = OptDisabledAlign1|Win32
		OptDisabledAlign1|x64 = OptDisabledAlign1|x64
		OptDisabledAlign2|Win32 = OptDisabledAlign2|Win32
		OptDisabledAlign2|x64 = OptDisabledAlign2|x64
		OptDisabledAlign4|Win32 = OptDisabledAlign4|Win32
		OptDisabledAlign4|x64 = OptDisabledAlign4|x64
		OptDisabledAlign8|Win32 = OptDisabledAlign8|Win32
		OptDisabledAlign8|x64 = OptDisabledAlign8|x64
		OptDisabledAlignDefault|Win32 = OptDisabledAlignDefault|Win32
		OptDisabledAlignDefault|x64 = OptDisabledAlignDefault|x64
		OptFullAlign1|Win32 = OptFullAlign1|Win32
		OptFullAlign1|x64 = OptFullAlign1|x64
		OptFullAlign2|Win32 = OptFullAlign2|Win32
		OptFullAlign2|x64 = OptFullAlign2|x64
		OptFullAlign4|Win32 = OptFullAlign4|Win32
		OptFullAlign4|x64 = OptFullAlign4|x64
		OptFullAlign8|Win32 = OptFullAlign8|Win32
		OptFullAlign8|x64 = OptFullAlign8|x64
		OptFullAlignDefault|Win32 = OptFullAlignDefault|Win32
		OptFullAlignDefault|x64 = OptFullAlignDefault|x64
		OptSizeAlign1|Win32 = OptSizeAlign1|Win32
		OptSizeAlign1|x64 = OptSizeAlign1|x64
		OptSizeAlign2|Win32 = OptSizeAlign2|Win32
		OptSizeAlign2|x64 = OptSizeAlign2|x64
		OptSizeAlign4|Win32 = OptSizeAlign4|Win32
		OptSizeAlign4|x64 = OptSizeAlign4|x64
		OptSizeAlign8|Win32 = OptSizeAlign8|Win32
		OptSizeAlign8|x64 = OptSizeAlign8|x64
		OptSizeAlignDefault|Win32 = OptSizeAlignDefault|Win32
		OptSizeAlignDefault|x64 = OptSizeAlignDefault|x64
		OptSpeedAlign1|Win32 = OptSpeedAlign1|Win32
		OptSpeedAlign1|x64 = OptSpeedAlign1|x64
		OptSpeedAlign2|Win32 = OptSpeedAlign2|Win32
		OptSpeedAlign2|x64 = OptSpeedAlign2|x64
		OptSpeedAlign4|Win32 = OptSpeedAlign4|Win32
		OptSpeedAlign4|x64 = OptSpeedAlign4|x64
		OptSpeedAlign8|Win32 = OptSpeedAlign8|Win32
		OptSpeedAlign8|x64 = OptSpeedAlign8|x64
		OptSpeedAlignDefault|Win32 = OptSpeedAlignDefault|Win32
		OptSpeedAlignDefault|x64 = OptSpeedAlignDefault|x64
		Release|Win32 = Release|Win32
		Release|x64 = Release|x64
	EndGlobalSection
	GlobalSection(ProjectConfigurationPlatforms) = postSolution
		{2C497671-E79D-4F43-AA27-623F859B492F}.Debug|Win32.ActiveCfg = Debug|Win32
		{2C497671-E79D-4F43-AA27-623F859B492F}.Debug|Win32.Build.0 = Debug|Win32
		{2C497671-E79D-4F43-AA27-623F859B492F}.Debug|x64.ActiveCfg = Debug|x64
		{2C497671-E79D-4F43-AA27-623F859B492F}.Debug|x64.Build.0 = Debug|x64
		{2C497671-E79D-4F43-AA27-623F859B492F}.OptDisabledAlign1|Win32.ActiveCfg = OptDisabledAlign1|Win32
		{2C497671-E79D-4F43-AA27-623F859B492F}.OptDisabledAlign1|Win32.Build.0 = OptDisabledAlign1|Win32
		{2C497671-E79D-4F43-AA27-623F859B492F}.OptDisabledAlign1|x64.ActiveCfg = OptDisabledAlign1|x64
		{2C497671-E79D-4F43-AA27-623F859B492F}.OptDisabledAlign1|x64.Build.0 = OptDisabledAlign1|x64
		{2C497671-E79D-4F43-AA27-623F859B492F}.OptDisabledAlign2|Win32.ActiveCfg = OptDisabledAlign2|Win32
		{2C497671-E79D-4F43-AA27-623F859B492F}.OptDisabledAlign2|Win32.Build.0 = OptDisabledAlign2|Win32
		{2C497671-E79D-4F43-AA27-623F859B492F}.OptDisabledAlign2|x64.ActiveCfg = OptDisabledAlign2|x64
		{2C497671-E79D-4F43-AA27-623F859B492F}.OptDisabledAlign2|x64.Build.0 = OptDisabledAlign2|x64
		{2C497671-E79D-4F43-AA27-623F859B492F}.OptDisabledAlign4|Win32.ActiveCfg = OptDisabledAlign4|Win32
		{2C497671-E79D-4F43-AA27-623F859B492F}.OptDisabledAlign4|Win32.Build.0 = OptDisabledAlign4|Win32
		{2C497671-E79D-4F43-AA27-623F859B492F}.OptDisabledAlign4|x64.ActiveCfg = OptDisabledAlign4|x64
		{2C497671-E79D-4F43-AA27-623F859B492F}.OptDisabledAlign4|x64.Build.0 = OptDisabledAlign4|x64
		{2C497671-E79D-4F43-AA27-623F859B492F}.OptDisabledAlign8|Win32.ActiveCfg = OptDisabledAlign8|Win32
		{2C497671-E79D-4F43-AA27-623F859B492F}.OptDisabledAlign8|Win32.Build.0 = OptDisabledAlign8|Win32
		{2C497671-E79D-4F43-AA27-623F859B492F}.OptDisabledAlign8|x64.ActiveCfg = OptDisabledAlign8|x64
		{2C497671-E79D-4F43-AA27-623F859B492F}.OptDisabledAlign8|x64.Build.0 = OptDisabledAlign8|x64
		{2C497671-E79D-4F43-AA27-623F859B492F}.OptDisabledAlignDefault|Win32.ActiveCfg = OptDisabledAlignDefault|Win32
		{2C497671-E79D-4F43-AA27-623F859B492F}.OptDisabledAlignDefault|Win32.Build.0 = OptDisabledAlignDefault|Win32
		{2C497671-E79D-4F43-AA27-623F859B492F}.OptDisabledAlignDefault|x64.ActiveCfg = OptDisabledAlignDefault|x64
		{2C497671-E79D-4F43-AA27-623F859B492F}.OptDisabledAlignDefault|x64.Build.0 = OptDisabledAlignDefault|x64
		{2C497671-E79D-4F43-AA27-623F859B492F}.OptFullAlign1|Win32.ActiveCfg = OptFullAlign1|Win32
		{2C497671-E79D-4F43-AA27-623F859B492F}.OptFullAlign1|Win32.Build.0 = OptFullAlign1|Win32
		{2C497671-E79D-4F43-AA27-623F859B492F}.OptFullAlign1|x64.ActiveCfg = OptFullAlign1|x64
		{2C497671-E79D-4F43-AA27-623F859B492F}.OptFullAlign1|x64.Build.0 = OptFullAlign1|x64
		{2C497671-E79D-4F43-AA27-623F859B492F}.OptFullAlign2|Win32.ActiveCfg = OptFullAlign2|Win32
		{2C497671-E79D-4F43-AA27-623F859B492F}.OptFullAlign2|Win32.Build.0 = OptFullAlign2|Win32
		{2C497671-E79D-4F43-AA27-623F859B492F}.OptFullAlign2|x64.ActiveCfg = OptFullAlign2|x64
		{2C497671-E79D-4F43-AA27-623F859B492F}.OptFullAlign2|x64.Build.0 = OptFullAlign2|x64
		{2C497671-E79D-4F43-AA27-623F859B492F}.OptFullAlign4|Win32.ActiveCfg = OptFullAlign4|Win32
		{2C497671-E79D-4F43-AA27-623F859B492F}.OptFullAlign4|Win32.Build.0 = OptFullAlign4|Win32
		{2C497671-E79D-4F43-AA27-623F859B492F}.OptFullAlign4|x64.ActiveCfg = OptFullAlign4|x64
		{2C497671-E79D-4F43-AA27-623F859B492F}.OptFullAlign4|x64.Build.0 = OptFullAlign4|x64
		{2C497671-E79D-4F43-AA27-623F859B492F}.OptFullAlign8|Win32.ActiveCfg = OptFullAlign8|Win32
		{2C497671-E79D-4F43-AA27-623F859B492F}.OptFullAlign8|Win32.Build.0 = OptFullAlign8|Win32
		{2C497671-E79D-4F43-AA27-623F859B492F}.OptFullAlign8|x64.ActiveCfg = OptFullAlign8|x64
		{2C497671-E79D-4F43-AA27-623F859B492F}.OptFullAlign8|x64.Build.0 = OptFullAlign8|x64
		{2C497671-E79D-4F43-AA27-623F859B492F}.OptFullAlignDefault|Win32.ActiveCfg = OptFullAlignDefault|Win32
		{2C497671-E79D-4F43-AA27-623F859B492F}.OptFullAlignDefault|Win32.Build.0 = OptFullAlignDefault|Win32
		{2C497671-E79D-4F43-AA27-623F859B492F}.OptFullAlignDefault|x64.ActiveCfg = OptFullAlignDefault|x64
		{2C497671-E79D-4F43-AA27-623F859B492F}.OptFullAlignDefault|x64.Build.0 = OptFullAlignDefault|x64
		{2C497671-E79D-4F43-AA27-623F859B492F}.OptSizeAlign1|Win32.ActiveCfg = OptSizeAlign1|Win32
		{2C497671-E79D-4F43-AA27-623F859B492F}.OptSizeAlign1|Win32.Build.0 = OptSizeAlign1|Win32
		{2C497671-E79D-4F43-AA27-623F859B492F}.OptSizeAlign1|x64.ActiveCfg = OptSizeAlign1|x64
		{2C497671-E79D-4F43-AA27-623F859B492F}.OptSizeAlign1|x64.Build.0 = OptSizeAlign1|x64
		{2C497671-E79D-4F43-AA27-623F859B492F}.OptSizeAlign2|Win32.ActiveCfg = OptSizeAlign2|Win32
		{2C497671-E79D-4F43-AA27-623F859B492F}.OptSizeAlign2|Win32.Build.0 = OptSizeAlign2|Win32
		{2C497671-E79D-4F43-AA27-623F859B492F}.OptSizeAlign2|x64.ActiveCfg = OptSizeAlign2|x64
		{2C497671-E79D-4F43-AA27-623F859B492F}.OptSizeAlign2|x64.Build.0 = OptSizeAlign2|x64
		{2C497671-E79D-4F43-AA27-623F859B492F}.OptSizeAlign4|Win32.ActiveCfg = OptSizeAlign4|Win32
		{2C497671-E79D-4F43-AA27-623F859B492F}.OptSizeAlign4|Win32.Build.0 = OptSizeAlign4|Win32
		{2C497671-E79D-4F43-AA27-623F859B492F}.OptSizeAlign4|x64.ActiveCfg = OptSizeAlign4|x64
		{2C497671-E79D-4F43-AA27-623F859B492F}.OptSizeAlign4|x64.Build.0 = OptSizeAlign4|x64
		{2C497671-E79D-4F43-AA27-623F859B492F}.OptSizeAlign8|Win32.ActiveCfg = OptSizeAlign8|Win32
		{2C497671-E79D-4F43-AA27-623F859B492F}.OptSizeAlign8|Win32.Build.0 = OptSizeAlign8|Win32
		{2C497671-E79D-4F43-AA27-623F859B492F}.OptSizeAlign8|x64.ActiveCfg = OptSizeAlign8|x64
		{2C497671-E79D-4F43-AA27-623F859B492F}.OptSizeAlign8|x64.Build.0 = OptSizeAlign8|x64
		{2C497671-E79D-4F43-AA27-623F859B492F}.OptSizeAlignDefault|Win32.ActiveCfg = OptSizeAlignDefault|Win32
		{2C497671-E79D-4F43-AA27-623F859B492F}.OptSizeAlignDefault|Win32.Build.0 = OptSizeAlignDefault|Win32
		{2C497671-E79D-4F43-AA27-623F859B492F}.OptSizeAlignDefault|x64.ActiveCfg = OptSizeAlignDefault|x64
		{2C497671-E79D-4F43-AA27-623F859B492F}.OptSizeAlignDefault|x64.Build.0 = OptSizeAlignDefault|x64
		{2C497671-E79D-4F43-AA27-623F859B492F}.OptSpeedAlign1|Win32.ActiveCfg = OptSpeedAlign1|Win32
		{2C497671-E79D-4F43-AA27-623F859B492F}.OptSpeedAlign1|Win32.Build.0 = OptSpeedAlign1|Win32
		{2C497671-E79D-4F43-AA27-623F859B492F}.OptSpeedAlign1|x64.ActiveCfg = OptSpeedAlign1|x64
		{2C497671-E79D-4F43-AA27-623F859B492F}.OptSpeedAlign1|x64.Build.0 = OptSpeedAlign1|x64
		{2C497671-E79D-4F43-AA27-623F859B492F}.OptSpeedAlign2|Win32.ActiveCfg = OptSpeedAlign2|Win32
		{2C497671-E79D-4F43-AA27-623F859B492F}.OptSpeedAlign2|Win32.Build.0 = OptSpeedAlign2|Win32
		{2C497671-E79D-4F43-AA27-623F859B492F}.OptSpeedAlign2|x64.ActiveCfg = OptSpeedAlign2|x64
		{2C497671-E79D-4F43-AA27-623F859B492F}.OptSpeedAlign2|x64.Build.0 = OptSpeedAlign2|x64
		{2C497671-E79D-4F43-AA27-623F859B492F}.OptSpeedAlign4|Win32.ActiveCfg = OptSpeedAlign4|Win32
		{2C497671-E79D-4F43-AA27-623F859B492F}.OptSpeedAlign4|Win32.Build.0 = OptSpeedAlign4|Win32
		{2C497671-E79D-4F43-AA27-623F859B492F}.OptSpeedAlign4|x64.ActiveCfg = OptSpeedAlign4|x64
		{2C497671-E79D-4F43-AA27-623F859B492F}.OptSpeedAlign4|x64.Build.0 = OptSpeedAlign4|x64
		{2C497671-E79D-4F43-AA27-623F859B492F}.OptSpeedAlign8|Win32.ActiveCfg = OptSpeedAlign8|Win32
		{2C497671-E79D-4F43-AA27-623F859B492F}.OptSpeedAlign8|Win32.Build.0 = OptSpeedAlign8|Win32
		{2C497671-E79D-4F43-AA27-623F859B492F}.OptSpeedAlign8|x64.ActiveCfg = OptSpeedAlign8|x64
		{2C497671-E79D-4F43-AA27-623F859B492F}.OptSpeedAlign8|x64.Build.0 = OptSpeedAlign8|x64
		{2C497671-E79D-4F43-AA27-623F859B492F}.OptSpeedAlignDefault|Win32.ActiveCfg = OptSpeedAlignDefault|Win32
		{2C497671-E79D-4F43-AA27-623F859B492F}.OptSpeedAlignDefault|Win32.Build.0 = OptSpeedAlignDefault|Win32
		{2C497671-E79D-4F43-AA27-623F859B492F}.OptSpeedAlignDefault|x64.ActiveCfg = OptSpeedAlignDefault|x64
		{2C497671-E79D-4F43-AA27-623F859B492F}.OptSpeedAlignDefault|x64.Build.0 = OptSpeedAlignDefault|x64
		{2C497671-E79D-4F43-AA27-623F859B492F}.Release|Win32.ActiveCfg = Release|Win32
		{2C497671-E79D-4F43-AA27-623F859B492F}.Release|Win32.Build.0 = Release|Win32
		{2C497671-E79D-4F43-AA27-623F859B492F}.Release|x64.ActiveCfg = Release|x64
		{2C497671-E79D-4F43-AA27-623F859B492F}.Release|x64.Build.0 = Release|x64
	EndGlobalSection
	GlobalSection(SolutionProperties) = preSolution
		HideSolutionNode = FALSE
	EndGlobalSection
EndGlobal
